
Microsoft Visual Studio Solution File, Format Version 12.00
# Visual Studio Version 16
VisualStudioVersion = 16.0.30104.148
MinimumVisualStudioVersion = 10.0.40219.1
Project("{FAE04EC0-301F-11D3-BF4B-00C04F79EFBC}") = "WindowsFormsApp3", "WindowsFormsApp3\WindowsFormsApp3.csproj", "{3D4BC56C-19E3-4E4E-A179-66AB386C48B5}"
EndProject
Global
	GlobalSection(SolutionConfigurationPlatforms) = preSolution
		Debug|Any CPU = Debug|Any CPU
		Release|Any CPU = Release|Any CPU
	EndGlobalSection
	GlobalSection(ProjectConfigurationPlatforms) = postSolution
		{3D4BC56C-19E3-4E4E-A179-66AB386C48B5}.Debug|Any CPU.ActiveCfg = Debug|Any CPU
		{3D4BC56C-19E3-4E4E-A179-66AB386C48B5}.Debug|Any CPU.Build.0 = Debug|Any CPU
		{3D4BC56C-19E3-4E4E-A179-66AB386C48B5}.Release|Any CPU.ActiveCfg = Release|Any CPU
		{3D4BC56C-19E3-4E4E-A179-66AB386C48B5}.Release|Any CPU.Build.0 = Release|Any CPU
	EndGlobalSection
	GlobalSection(SolutionProperties) = preSolution
		HideSolutionNode = FALSE
	EndGlobalSection
	GlobalSection(ExtensibilityGlobals) = postSolution
		SolutionGuid = {4BB734DB-7B42-4E4A-A22F-D96874358BD9}
	EndGlobalSection
EndGlobal
